{
  "name": "chess-console",
  "version": "6.13.2",
  "lockfileVersion": 2,
  "requires": true,
  "packages": {
    "": {
      "name": "chess-console",
      "version": "6.13.2",
      "license": "MIT",
      "dependencies": {
        "bootstrap-show-modal": "^6.0.10",
        "chess.mjs": "^2.2.6",
        "cm-chess": "^3.6.1",
        "cm-chessboard": "^8.11.5",
        "cm-pgn": "^4.0.6",
        "cm-web-modules": "^2.5.1",
        "patch": "^0.0.1"
      }
    },
    "node_modules/bootstrap-show-modal": {
      "version": "6.0.10",
      "resolved": "https://registry.npmjs.org/bootstrap-show-modal/-/bootstrap-show-modal-6.0.10.tgz",
      "integrity": "sha512-pBJcNPE2s0KtcHe+BBlZ3vW4TxFcdw2BCvZhbCMaxEL+x53q43NdSSgZuesqRnY2uUQjRm9p7URacPwM8A+WqQ==",
      "license": "MIT"
    },
    "node_modules/chess.mjs": {
      "version": "2.2.6",
      "resolved": "https://registry.npmjs.org/chess.mjs/-/chess.mjs-2.2.6.tgz",
      "integrity": "sha512-kteiZrVz42EsEJjb2G8NlCZg4fNPlSBAnIbywK065TVtnEvRqyHTN+OVR+vZ/A1iGNM/6kZpbiyUpisCwq8oUg==",
      "license": "BSD-2-Clause"
    },
    "node_modules/cm-chess": {
      "version": "3.6.1",
      "resolved": "https://registry.npmjs.org/cm-chess/-/cm-chess-3.6.1.tgz",
      "integrity": "sha512-karER268S+Toce0XO2Ft86Qh5X/p30nbGBdzItpy3p15TKc+hjfxgiMlGkB0pjeQmVGT072t7QTNnOLM1a1C1g==",
      "license": "MIT",
      "dependencies": {
        "chess.mjs": "^2.2.3",
        "cm-pgn": "4.0.6"
      }
    },
    "node_modules/cm-chessboard": {
      "version": "8.11.5",
      "resolved": "https://registry.npmjs.org/cm-chessboard/-/cm-chessboard-8.11.5.tgz",
      "integrity": "sha512-zLoOeJe82ZZTjRiQUxdilHs2XSyhfIS0Eecjnj+bfHrxycqkApszt8XW5ORhooT9/SL18IEsiy1+i25a4lE1BQ==",
      "license": "MIT"
    },
    "node_modules/cm-pgn": {
      "version": "4.0.6",
      "resolved": "https://registry.npmjs.org/cm-pgn/-/cm-pgn-4.0.6.tgz",
      "integrity": "sha512-4nsWoI+vEGrLaGM2vSOng00qvIl3Oj4bx+5UfFdH8MT7DiaphVt+7vo8PuzUV+jJhmvYnV83/UNv4gyr03Rlfw==",
      "license": "MIT",
      "dependencies": {
        "chess.mjs": "^2.2.3"
      }
    },
    "node_modules/cm-web-modules": {
      "version": "2.5.1",
      "resolved": "https://registry.npmjs.org/cm-web-modules/-/cm-web-modules-2.5.1.tgz",
      "integrity": "sha512-uRZK/x66ycLTohj8PRjpuaOGri+DZH9u613si59MZehMX+/mrI2cRgUs9rWv8xhxKBZ5F0qpUCuimgWMGC9F+w==",
      "license": "MIT"
    },
    "node_modules/patch": {
      "version": "0.0.1",
      "resolved": "https://registry.npmjs.org/patch/-/patch-0.0.1.tgz",
      "integrity": "sha512-+SXEoPuYhe44vUXCGAOjEISqgoo26pcSj65xK3zbKGt87CeUoIZ4cHwIkdloHHxGAEIOzMiYmRbj+t0T9pBPXw=="
    }
  },
  "dependencies": {
    "bootstrap-show-modal": {
      "version": "6.0.10",
      "resolved": "https://registry.npmjs.org/bootstrap-show-modal/-/bootstrap-show-modal-6.0.10.tgz",
      "integrity": "sha512-pBJcNPE2s0KtcHe+BBlZ3vW4TxFcdw2BCvZhbCMaxEL+x53q43NdSSgZuesqRnY2uUQjRm9p7URacPwM8A+WqQ=="
    },
    "chess.mjs": {
      "version": "2.2.6",
      "resolved": "https://registry.npmjs.org/chess.mjs/-/chess.mjs-2.2.6.tgz",
      "integrity": "sha512-kteiZrVz42EsEJjb2G8NlCZg4fNPlSBAnIbywK065TVtnEvRqyHTN+OVR+vZ/A1iGNM/6kZpbiyUpisCwq8oUg=="
    },
    "cm-chess": {
      "version": "3.6.1",
      "resolved": "https://registry.npmjs.org/cm-chess/-/cm-chess-3.6.1.tgz",
      "integrity": "sha512-karER268S+Toce0XO2Ft86Qh5X/p30nbGBdzItpy3p15TKc+hjfxgiMlGkB0pjeQmVGT072t7QTNnOLM1a1C1g==",
      "requires": {
        "chess.mjs": "^2.2.3",
        "cm-pgn": "4.0.6"
      }
    },
    "cm-chessboard": {
      "version": "8.11.5",
      "resolved": "https://registry.npmjs.org/cm-chessboard/-/cm-chessboard-8.11.5.tgz",
      "integrity": "sha512-zLoOeJe82ZZTjRiQUxdilHs2XSyhfIS0Eecjnj+bfHrxycqkApszt8XW5ORhooT9/SL18IEsiy1+i25a4lE1BQ=="
    },
    "cm-pgn": {
      "version": "4.0.6",
      "resolved": "https://registry.npmjs.org/cm-pgn/-/cm-pgn-4.0.6.tgz",
      "integrity": "sha512-4nsWoI+vEGrLaGM2vSOng00qvIl3Oj4bx+5UfFdH8MT7DiaphVt+7vo8PuzUV+jJhmvYnV83/UNv4gyr03Rlfw==",
      "requires": {
        "chess.mjs": "^2.2.3"
      }
    },
    "cm-web-modules": {
      "version": "2.5.1",
      "resolved": "https://registry.npmjs.org/cm-web-modules/-/cm-web-modules-2.5.1.tgz",
      "integrity": "sha512-uRZK/x66ycLTohj8PRjpuaOGri+DZH9u613si59MZehMX+/mrI2cRgUs9rWv8xhxKBZ5F0qpUCuimgWMGC9F+w=="
    },
    "patch": {
      "version": "0.0.1",
      "resolved": "https://registry.npmjs.org/patch/-/patch-0.0.1.tgz",
      "integrity": "sha512-+SXEoPuYhe44vUXCGAOjEISqgoo26pcSj65xK3zbKGt87CeUoIZ4cHwIkdloHHxGAEIOzMiYmRbj+t0T9pBPXw=="
    }
  }
}
